
Microsoft Visual Studio Solution File, Format Version 12.00
# Visual Studio 2013
VisualStudioVersion = 12.0.30324.0
MinimumVisualStudioVersion = 10.0.40219.1
Project("{FAE04EC0-301F-11D3-BF4B-00C04F79EFBC}") = "BlogSystem.Web", "BlogSystem.Web\BlogSystem.Web.csproj", "{14EDF240-739E-46A2-8BAC-14C6F16A541C}"
EndProject
Project("{FAE04EC0-301F-11D3-BF4B-00C04F79EFBC}") = "BlogSystem.Data.Models", "BlogSystem.Data.Models\BlogSystem.Data.Models.csproj", "{E0FA4DD5-6F83-4499-BEEB-D02C486CA2FD}"
EndProject
Project("{FAE04EC0-301F-11D3-BF4B-00C04F79EFBC}") = "BlogSystem.Data", "BlogSystem.Data\BlogSystem.Data.csproj", "{50BC7C0E-C3DF-411F-BE60-F9DE6E09DD2A}"
EndProject
Global
	GlobalSection(SolutionConfigurationPlatforms) = preSolution
		Debug|Any CPU = Debug|Any CPU
		Release|Any CPU = Release|Any CPU
	EndGlobalSection
	GlobalSection(ProjectConfigurationPlatforms) = postSolution
		{14EDF240-739E-46A2-8BAC-14C6F16A541C}.Debug|Any CPU.ActiveCfg = Debug|Any CPU
		{14EDF240-739E-46A2-8BAC-14C6F16A541C}.Debug|Any CPU.Build.0 = Debug|Any CPU
		{14EDF240-739E-46A2-8BAC-14C6F16A541C}.Release|Any CPU.ActiveCfg = Release|Any CPU
		{14EDF240-739E-46A2-8BAC-14C6F16A541C}.Release|Any CPU.Build.0 = Release|Any CPU
		{E0FA4DD5-6F83-4499-BEEB-D02C486CA2FD}.Debug|Any CPU.ActiveCfg = Debug|Any CPU
		{E0FA4DD5-6F83-4499-BEEB-D02C486CA2FD}.Debug|Any CPU.Build.0 = Debug|Any CPU
		{E0FA4DD5-6F83-4499-BEEB-D02C486CA2FD}.Release|Any CPU.ActiveCfg = Release|Any CPU
		{E0FA4DD5-6F83-4499-BEEB-D02C486CA2FD}.Release|Any CPU.Build.0 = Release|Any CPU
		{50BC7C0E-C3DF-411F-BE60-F9DE6E09DD2A}.Debug|Any CPU.ActiveCfg = Debug|Any CPU
		{50BC7C0E-C3DF-411F-BE60-F9DE6E09DD2A}.Debug|Any CPU.Build.0 = Debug|Any CPU
		{50BC7C0E-C3DF-411F-BE60-F9DE6E09DD2A}.Release|Any CPU.ActiveCfg = Release|Any CPU
		{50BC7C0E-C3DF-411F-BE60-F9DE6E09DD2A}.Release|Any CPU.Build.0 = Release|Any CPU
	EndGlobalSection
	GlobalSection(SolutionProperties) = preSolution
		HideSolutionNode = FALSE
	EndGlobalSection
EndGlobal
