
Microsoft Visual Studio Solution File, Format Version 12.00
# Visual Studio 2013
VisualStudioVersion = 12.0.31101.0
MinimumVisualStudioVersion = 10.0.40219.1
Project("{FAE04EC0-301F-11D3-BF4B-00C04F79EFBC}") = "BlogSystem.Web", "BlogSystem.Web\BlogSystem.Web.csproj", "{14EDF240-739E-46A2-8BAC-14C6F16A541C}"
EndProject
Project("{FAE04EC0-301F-11D3-BF4B-00C04F79EFBC}") = "BlogSystem.Common", "BlogSystem.Common\BlogSystem.Common.csproj", "{094191B9-A6A1-42DE-BCC9-D84002EB6E94}"
EndProject
Project("{2150E333-8FDC-42A3-9474-1A3956D46DE8}") = "Data", "Data", "{A9D8BB5A-907E-4905-B2A8-E0DB6807C4DE}"
EndProject
Project("{FAE04EC0-301F-11D3-BF4B-00C04F79EFBC}") = "BlogSystem.Data", "Data\BlogSystem.Data\BlogSystem.Data.csproj", "{50BC7C0E-C3DF-411F-BE60-F9DE6E09DD2A}"
EndProject
Project("{FAE04EC0-301F-11D3-BF4B-00C04F79EFBC}") = "BlogSystem.Data.Contracts", "Data\BlogSystem.Data.Contracts\BlogSystem.Data.Contracts.csproj", "{4C22B895-B21C-4702-B8B3-7EA3177945DE}"
EndProject
Project("{FAE04EC0-301F-11D3-BF4B-00C04F79EFBC}") = "BlogSystem.Data.Models", "Data\BlogSystem.Data.Models\BlogSystem.Data.Models.csproj", "{E0FA4DD5-6F83-4499-BEEB-D02C486CA2FD}"
EndProject
Project("{2150E333-8FDC-42A3-9474-1A3956D46DE8}") = "Tests", "Tests", "{233D2EAB-9CBD-4C7F-8DE6-A24F5C3B6F10}"
EndProject
Project("{FAE04EC0-301F-11D3-BF4B-00C04F79EFBC}") = "BlogSystem.Web.Tests", "Tests\BlogSystem.Web.Tests\BlogSystem.Web.Tests.csproj", "{4FDBD3AA-E24A-4CCF-B4E1-450F2C9C6D86}"
EndProject
Project("{2150E333-8FDC-42A3-9474-1A3956D46DE8}") = "Tools", "Tools", "{1130B004-1C92-4C48-A27B-5B607034D485}"
EndProject
Project("{FAE04EC0-301F-11D3-BF4B-00C04F79EFBC}") = "BlogSystem.Tools.YouTubeChannelVideos", "Tools\BlogSystem.Tools.YouTubeChannelVideos\BlogSystem.Tools.YouTubeChannelVideos.csproj", "{08F0977D-7774-4048-B347-C8C37FAC5102}"
EndProject
Project("{2150E333-8FDC-42A3-9474-1A3956D46DE8}") = "Services", "Services", "{04AABCAA-C11D-43A6-A28D-CDC09E74A442}"
EndProject
Project("{FAE04EC0-301F-11D3-BF4B-00C04F79EFBC}") = "BlogSystem.Services.YouTube", "Services\BlogSystem.Services.YouTube\BlogSystem.Services.YouTube.csproj", "{45F7847F-97CB-40EC-899D-CB25993A228D}"
EndProject
Project("{FAE04EC0-301F-11D3-BF4B-00C04F79EFBC}") = "BlogSystem.Services.Data", "Services\BlogSystem.Services.Data\BlogSystem.Services.Data.csproj", "{FBE38C24-7077-4C36-BECD-A008F40A2422}"
EndProject
Global
	GlobalSection(SolutionConfigurationPlatforms) = preSolution
		Debug|Any CPU = Debug|Any CPU
		Release|Any CPU = Release|Any CPU
	EndGlobalSection
	GlobalSection(ProjectConfigurationPlatforms) = postSolution
		{14EDF240-739E-46A2-8BAC-14C6F16A541C}.Debug|Any CPU.ActiveCfg = Debug|Any CPU
		{14EDF240-739E-46A2-8BAC-14C6F16A541C}.Debug|Any CPU.Build.0 = Debug|Any CPU
		{14EDF240-739E-46A2-8BAC-14C6F16A541C}.Release|Any CPU.ActiveCfg = Release|Any CPU
		{14EDF240-739E-46A2-8BAC-14C6F16A541C}.Release|Any CPU.Build.0 = Release|Any CPU
		{094191B9-A6A1-42DE-BCC9-D84002EB6E94}.Debug|Any CPU.ActiveCfg = Debug|Any CPU
		{094191B9-A6A1-42DE-BCC9-D84002EB6E94}.Debug|Any CPU.Build.0 = Debug|Any CPU
		{094191B9-A6A1-42DE-BCC9-D84002EB6E94}.Release|Any CPU.ActiveCfg = Release|Any CPU
		{094191B9-A6A1-42DE-BCC9-D84002EB6E94}.Release|Any CPU.Build.0 = Release|Any CPU
		{50BC7C0E-C3DF-411F-BE60-F9DE6E09DD2A}.Debug|Any CPU.ActiveCfg = Debug|Any CPU
		{50BC7C0E-C3DF-411F-BE60-F9DE6E09DD2A}.Debug|Any CPU.Build.0 = Debug|Any CPU
		{50BC7C0E-C3DF-411F-BE60-F9DE6E09DD2A}.Release|Any CPU.ActiveCfg = Release|Any CPU
		{50BC7C0E-C3DF-411F-BE60-F9DE6E09DD2A}.Release|Any CPU.Build.0 = Release|Any CPU
		{4C22B895-B21C-4702-B8B3-7EA3177945DE}.Debug|Any CPU.ActiveCfg = Debug|Any CPU
		{4C22B895-B21C-4702-B8B3-7EA3177945DE}.Debug|Any CPU.Build.0 = Debug|Any CPU
		{4C22B895-B21C-4702-B8B3-7EA3177945DE}.Release|Any CPU.ActiveCfg = Release|Any CPU
		{4C22B895-B21C-4702-B8B3-7EA3177945DE}.Release|Any CPU.Build.0 = Release|Any CPU
		{E0FA4DD5-6F83-4499-BEEB-D02C486CA2FD}.Debug|Any CPU.ActiveCfg = Debug|Any CPU
		{E0FA4DD5-6F83-4499-BEEB-D02C486CA2FD}.Debug|Any CPU.Build.0 = Debug|Any CPU
		{E0FA4DD5-6F83-4499-BEEB-D02C486CA2FD}.Release|Any CPU.ActiveCfg = Release|Any CPU
		{E0FA4DD5-6F83-4499-BEEB-D02C486CA2FD}.Release|Any CPU.Build.0 = Release|Any CPU
		{4FDBD3AA-E24A-4CCF-B4E1-450F2C9C6D86}.Debug|Any CPU.ActiveCfg = Debug|Any CPU
		{4FDBD3AA-E24A-4CCF-B4E1-450F2C9C6D86}.Debug|Any CPU.Build.0 = Debug|Any CPU
		{4FDBD3AA-E24A-4CCF-B4E1-450F2C9C6D86}.Release|Any CPU.ActiveCfg = Release|Any CPU
		{4FDBD3AA-E24A-4CCF-B4E1-450F2C9C6D86}.Release|Any CPU.Build.0 = Release|Any CPU
		{08F0977D-7774-4048-B347-C8C37FAC5102}.Debug|Any CPU.ActiveCfg = Debug|Any CPU
		{08F0977D-7774-4048-B347-C8C37FAC5102}.Debug|Any CPU.Build.0 = Debug|Any CPU
		{08F0977D-7774-4048-B347-C8C37FAC5102}.Release|Any CPU.ActiveCfg = Release|Any CPU
		{08F0977D-7774-4048-B347-C8C37FAC5102}.Release|Any CPU.Build.0 = Release|Any CPU
		{45F7847F-97CB-40EC-899D-CB25993A228D}.Debug|Any CPU.ActiveCfg = Debug|Any CPU
		{45F7847F-97CB-40EC-899D-CB25993A228D}.Debug|Any CPU.Build.0 = Debug|Any CPU
		{45F7847F-97CB-40EC-899D-CB25993A228D}.Release|Any CPU.ActiveCfg = Release|Any CPU
		{45F7847F-97CB-40EC-899D-CB25993A228D}.Release|Any CPU.Build.0 = Release|Any CPU
		{FBE38C24-7077-4C36-BECD-A008F40A2422}.Debug|Any CPU.ActiveCfg = Debug|Any CPU
		{FBE38C24-7077-4C36-BECD-A008F40A2422}.Debug|Any CPU.Build.0 = Debug|Any CPU
		{FBE38C24-7077-4C36-BECD-A008F40A2422}.Release|Any CPU.ActiveCfg = Release|Any CPU
		{FBE38C24-7077-4C36-BECD-A008F40A2422}.Release|Any CPU.Build.0 = Release|Any CPU
	EndGlobalSection
	GlobalSection(SolutionProperties) = preSolution
		HideSolutionNode = FALSE
	EndGlobalSection
	GlobalSection(NestedProjects) = preSolution
		{50BC7C0E-C3DF-411F-BE60-F9DE6E09DD2A} = {A9D8BB5A-907E-4905-B2A8-E0DB6807C4DE}
		{4C22B895-B21C-4702-B8B3-7EA3177945DE} = {A9D8BB5A-907E-4905-B2A8-E0DB6807C4DE}
		{E0FA4DD5-6F83-4499-BEEB-D02C486CA2FD} = {A9D8BB5A-907E-4905-B2A8-E0DB6807C4DE}
		{4FDBD3AA-E24A-4CCF-B4E1-450F2C9C6D86} = {233D2EAB-9CBD-4C7F-8DE6-A24F5C3B6F10}
		{08F0977D-7774-4048-B347-C8C37FAC5102} = {1130B004-1C92-4C48-A27B-5B607034D485}
		{45F7847F-97CB-40EC-899D-CB25993A228D} = {04AABCAA-C11D-43A6-A28D-CDC09E74A442}
		{FBE38C24-7077-4C36-BECD-A008F40A2422} = {04AABCAA-C11D-43A6-A28D-CDC09E74A442}
	EndGlobalSection
EndGlobal
